
Microsoft Visual Studio Solution File, Format Version 12.00
# Visual Studio 15
VisualStudioVersion = 15.0.28010.2046
MinimumVisualStudioVersion = 10.0.40219.1
Project("{8BC9CEB8-8B4A-11D0-8D11-00A0C91BC942}") = "JSONParserFactory", "JSONParserFactory\JSONParserFactory.vcxproj", "{EA62D300-ED34-415C-9C43-68C94C99D66D}"
EndProject
Global
	GlobalSection(SolutionConfigurationPlatforms) = preSolution
		Debug|x64 = Debug|x64
		Debug|x86 = Debug|x86
		Release|x64 = Release|x64
		Release|x86 = Release|x86
	EndGlobalSection
	GlobalSection(ProjectConfigurationPlatforms) = postSolution
		{EA62D300-ED34-415C-9C43-68C94C99D66D}.Debug|x64.ActiveCfg = Debug|x64
		{EA62D300-ED34-415C-9C43-68C94C99D66D}.Debug|x64.Build.0 = Debug|x64
		{EA62D300-ED34-415C-9C43-68C94C99D66D}.Debug|x86.ActiveCfg = Debug|Win32
		{EA62D300-ED34-415C-9C43-68C94C99D66D}.Debug|x86.Build.0 = Debug|Win32
		{EA62D300-ED34-415C-9C43-68C94C99D66D}.Release|x64.ActiveCfg = Release|x64
		{EA62D300-ED34-415C-9C43-68C94C99D66D}.Release|x64.Build.0 = Release|x64
		{EA62D300-ED34-415C-9C43-68C94C99D66D}.Release|x86.ActiveCfg = Release|Win32
		{EA62D300-ED34-415C-9C43-68C94C99D66D}.Release|x86.Build.0 = Release|Win32
	EndGlobalSection
	GlobalSection(SolutionProperties) = preSolution
		HideSolutionNode = FALSE
	EndGlobalSection
	GlobalSection(ExtensibilityGlobals) = postSolution
		SolutionGuid = {71031C62-8575-4502-8F9D-8E6BA678FD9B}
	EndGlobalSection
EndGlobal
